
Microsoft Visual Studio Solution File, Format Version 12.00
# Visual Studio 15
VisualStudioVersion = 15.0.28010.2046
MinimumVisualStudioVersion = 10.0.40219.1
Project("{FAE04EC0-301F-11D3-BF4B-00C04F79EFBC}") = "JuanCarlos.Parqueo.Biz", "JuanCarlos.Parqueo.Biz\JuanCarlos.Parqueo.Biz.csproj", "{3B4C0D5B-D2DA-4443-A12C-6722BD78A87B}"
EndProject
Project("{FAE04EC0-301F-11D3-BF4B-00C04F79EFBC}") = "JuanCarlos.Parqueo.EFContext", "JuanCarlos.Parqueo.EFContext\JuanCarlos.Parqueo.EFContext.csproj", "{1684B826-6408-49F9-9A1C-C175C7D23F94}"
EndProject
Project("{FAE04EC0-301F-11D3-BF4B-00C04F79EFBC}") = "JuanCarlos.Parqueo.Contracts", "JuanCarlos.Parqueo.Contracts\JuanCarlos.Parqueo.Contracts.csproj", "{28E13666-D123-46EE-9FB5-73900F901846}"
EndProject
Project("{FAE04EC0-301F-11D3-BF4B-00C04F79EFBC}") = "JuanCarlos.Parqueo.Entities", "JuanCarlos.Parqueo.Entities\JuanCarlos.Parqueo.Entities.csproj", "{FEA67F42-433A-4A66-8AFB-360FA15BBBE9}"
EndProject
Project("{FAE04EC0-301F-11D3-BF4B-00C04F79EFBC}") = "JuanCarlos.Parqueo.WebApiStandard", "JuanCarlos.Parqueo.WebApiStandard\JuanCarlos.Parqueo.WebApiStandard.csproj", "{9136D59B-64BE-4843-A585-F2D8DEE99F46}"
EndProject
Global
	GlobalSection(SolutionConfigurationPlatforms) = preSolution
		Debug|Any CPU = Debug|Any CPU
		Release|Any CPU = Release|Any CPU
	EndGlobalSection
	GlobalSection(ProjectConfigurationPlatforms) = postSolution
		{3B4C0D5B-D2DA-4443-A12C-6722BD78A87B}.Debug|Any CPU.ActiveCfg = Debug|Any CPU
		{3B4C0D5B-D2DA-4443-A12C-6722BD78A87B}.Debug|Any CPU.Build.0 = Debug|Any CPU
		{3B4C0D5B-D2DA-4443-A12C-6722BD78A87B}.Release|Any CPU.ActiveCfg = Release|Any CPU
		{3B4C0D5B-D2DA-4443-A12C-6722BD78A87B}.Release|Any CPU.Build.0 = Release|Any CPU
		{1684B826-6408-49F9-9A1C-C175C7D23F94}.Debug|Any CPU.ActiveCfg = Debug|Any CPU
		{1684B826-6408-49F9-9A1C-C175C7D23F94}.Debug|Any CPU.Build.0 = Debug|Any CPU
		{1684B826-6408-49F9-9A1C-C175C7D23F94}.Release|Any CPU.ActiveCfg = Release|Any CPU
		{1684B826-6408-49F9-9A1C-C175C7D23F94}.Release|Any CPU.Build.0 = Release|Any CPU
		{28E13666-D123-46EE-9FB5-73900F901846}.Debug|Any CPU.ActiveCfg = Debug|Any CPU
		{28E13666-D123-46EE-9FB5-73900F901846}.Debug|Any CPU.Build.0 = Debug|Any CPU
		{28E13666-D123-46EE-9FB5-73900F901846}.Release|Any CPU.ActiveCfg = Release|Any CPU
		{28E13666-D123-46EE-9FB5-73900F901846}.Release|Any CPU.Build.0 = Release|Any CPU
		{FEA67F42-433A-4A66-8AFB-360FA15BBBE9}.Debug|Any CPU.ActiveCfg = Debug|Any CPU
		{FEA67F42-433A-4A66-8AFB-360FA15BBBE9}.Debug|Any CPU.Build.0 = Debug|Any CPU
		{FEA67F42-433A-4A66-8AFB-360FA15BBBE9}.Release|Any CPU.ActiveCfg = Release|Any CPU
		{FEA67F42-433A-4A66-8AFB-360FA15BBBE9}.Release|Any CPU.Build.0 = Release|Any CPU
		{9136D59B-64BE-4843-A585-F2D8DEE99F46}.Debug|Any CPU.ActiveCfg = Debug|Any CPU
		{9136D59B-64BE-4843-A585-F2D8DEE99F46}.Debug|Any CPU.Build.0 = Debug|Any CPU
		{9136D59B-64BE-4843-A585-F2D8DEE99F46}.Release|Any CPU.ActiveCfg = Release|Any CPU
		{9136D59B-64BE-4843-A585-F2D8DEE99F46}.Release|Any CPU.Build.0 = Release|Any CPU
	EndGlobalSection
	GlobalSection(SolutionProperties) = preSolution
		HideSolutionNode = FALSE
	EndGlobalSection
	GlobalSection(ExtensibilityGlobals) = postSolution
		SolutionGuid = {B3343BA1-A293-4A9C-B942-4A90BA7E4982}
	EndGlobalSection
EndGlobal
